{
  "name": "gen-ai-and-agent-rs",
  "version": "1.0.0",
  "lockfileVersion": 3,
  "requires": true,
  "packages": {
    "": {
      "name": "gen-ai-and-agent-rs",
      "version": "1.0.0",
      "license": "ISC",
      "devDependencies": {
        "@playwright/test": "^1.62.0",
        "@types/node": "^26.1.1"
      }
    },
    "node_modules/@playwright/test": {
      "version": "1.62.0",
      "resolved": "https://registry.npmjs.org/@playwright/test/-/test-1.62.0.tgz",
      "integrity": "sha512-7K/Jm84dJ2gEJ1CD0bwcZ7uI5O2EEn1P7Dsn6Ru2CnpW8N3K7zo3QyGHX4jI+Ti0QH0AszofWVOzU9nIz8xotQ==",
      "dev": true,
      "dependencies": {
        "playwright": "1.62.0"
      }
    },
    "node_modules/playwright": {
      "version": "1.62.0",
      "resolved": "https://registry.npmjs.org/playwright/-/playwright-1.62.0.tgz",
      "integrity": "sha512-6nJZmCU0LJ4Txj5RA4m7Wx8EPx4I9SDDtaJ4ZbI5QduVr+4E3NE5L1mkiF7dPpC2DQdC1k3SXTz7db8dzakbUQ==",
      "dev": true
    },
    "node_modules/@types/node": {
      "version": "26.1.1",
      "resolved": "https://registry.npmjs.org/@types/node/-/node-26.1.1.tgz",
      "integrity": "sha512-f9uHia8cAypueY6vHjR6aI7ENpc/g4uM9lZ4r9lCF5qpbx9qW7caY+0nA4BvKjL9cPplrvYgL2mv8nqY7PNM2w==",
      "dev": true
    }
  }
}
